{
	"name": "@parse5/parse5",
	"version": "6.0.1",
	"lockfileVersion": 2,
	"requires": true,
	"packages": {
		"": {
			"name": "@parse5/parse5",
			"version": "6.0.1",
			"license": "MIT",
			"dependencies": {
				"entities": "^3.0.1"
			}
		},
		"node_modules/entities": {
			"version": "3.0.1",
			"resolved": "https://registry.npmjs.org/entities/-/entities-3.0.1.tgz",
			"integrity": "sha512-WiyBqoomrwMdFG1e0kqvASYfnlb0lp8M5o5Fw2OFq1hNZxxcNk8Ik0Xm7LxzBhuidnZB/UtBqVCgUz3kBOP51Q==",
			"engines": {
				"node": ">=0.12"
			},
			"funding": {
				"url": "https://github.com/fb55/entities?sponsor=1"
			}
		}
	},
	"dependencies": {
		"entities": {
			"version": "3.0.1",
			"resolved": "https://registry.npmjs.org/entities/-/entities-3.0.1.tgz",
			"integrity": "sha512-WiyBqoomrwMdFG1e0kqvASYfnlb0lp8M5o5Fw2OFq1hNZxxcNk8Ik0Xm7LxzBhuidnZB/UtBqVCgUz3kBOP51Q=="
		}
	}
}
