{
	"name": "@parse5/htmlparser2-tree-adapter",
	"version": "6.0.1",
	"lockfileVersion": 2,
	"requires": true,
	"packages": {
		"": {
			"name": "@parse5/htmlparser2-tree-adapter",
			"version": "6.0.1",
			"license": "MIT",
			"dependencies": {
				"domhandler": "^4.3.0",
				"parse5": "^6.0.1"
			}
		},
		"node_modules/domelementtype": {
			"version": "2.2.0",
			"resolved": "https://registry.npmjs.org/domelementtype/-/domelementtype-2.2.0.tgz",
			"integrity": "sha512-DtBMo82pv1dFtUmHyr48beiuq792Sxohr+8Hm9zoxklYPfa6n0Z3Byjj2IV7bmr2IyqClnqEQhfgHJJ5QF0R5A==",
			"funding": [
				{
					"type": "github",
					"url": "https://github.com/sponsors/fb55"
				}
			]
		},
		"node_modules/domhandler": {
			"version": "4.3.0",
			"resolved": "https://registry.npmjs.org/domhandler/-/domhandler-4.3.0.tgz",
			"integrity": "sha512-fC0aXNQXqKSFTr2wDNZDhsEYjCiYsDWl3D01kwt25hm1YIPyDGHvvi3rw+PLqHAl/m71MaiF7d5zvBr0p5UB2g==",
			"dependencies": {
				"domelementtype": "^2.2.0"
			},
			"engines": {
				"node": ">= 4"
			},
			"funding": {
				"url": "https://github.com/fb55/domhandler?sponsor=1"
			}
		},
		"node_modules/parse5": {
			"version": "6.0.1",
			"resolved": "https://registry.npmjs.org/parse5/-/parse5-6.0.1.tgz",
			"integrity": "sha512-Ofn/CTFzRGTTxwpNEs9PP93gXShHcTq255nzRYSKe8AkVpZY7e1fpmTfOyoIvjP5HG7Z2ZM7VS9PPhQGW2pOpw=="
		}
	},
	"dependencies": {
		"domelementtype": {
			"version": "2.2.0",
			"resolved": "https://registry.npmjs.org/domelementtype/-/domelementtype-2.2.0.tgz",
			"integrity": "sha512-DtBMo82pv1dFtUmHyr48beiuq792Sxohr+8Hm9zoxklYPfa6n0Z3Byjj2IV7bmr2IyqClnqEQhfgHJJ5QF0R5A=="
		},
		"domhandler": {
			"version": "4.3.0",
			"resolved": "https://registry.npmjs.org/domhandler/-/domhandler-4.3.0.tgz",
			"integrity": "sha512-fC0aXNQXqKSFTr2wDNZDhsEYjCiYsDWl3D01kwt25hm1YIPyDGHvvi3rw+PLqHAl/m71MaiF7d5zvBr0p5UB2g==",
			"requires": {
				"domelementtype": "^2.2.0"
			}
		},
		"parse5": {
			"version": "6.0.1",
			"resolved": "https://registry.npmjs.org/parse5/-/parse5-6.0.1.tgz",
			"integrity": "sha512-Ofn/CTFzRGTTxwpNEs9PP93gXShHcTq255nzRYSKe8AkVpZY7e1fpmTfOyoIvjP5HG7Z2ZM7VS9PPhQGW2pOpw=="
		}
	}
}
