{
    "name": "parse5-benchmarks",
    "version": "1.0.0",
    "lockfileVersion": 1,
    "requires": true,
    "dependencies": {
        "benchmark": {
            "version": "2.1.4",
            "resolved": "https://registry.npmjs.org/benchmark/-/benchmark-2.1.4.tgz",
            "integrity": "sha1-CfPeMckWQl1JjMLuVloOvzwqVik=",
            "requires": {
                "lodash": "^4.17.4",
                "platform": "^1.3.3"
            }
        },
        "bindings": {
            "version": "1.5.0",
            "resolved": "https://registry.npmjs.org/bindings/-/bindings-1.5.0.tgz",
            "integrity": "sha512-p2q/t/mhvuOj/UeLlV6566GD/guowlr0hHxClI0W9m7MWYkL1F0hLo+0Aexs9HSPCtR1SXQ0TD3MMKrXZajbiQ==",
            "requires": {
                "file-uri-to-path": "1.0.0"
            }
        },
        "file-uri-to-path": {
            "version": "1.0.0",
            "resolved": "https://registry.npmjs.org/file-uri-to-path/-/file-uri-to-path-1.0.0.tgz",
            "integrity": "sha512-0Zt+s3L7Vf1biwWZ29aARiVYLx7iMGnEUl9x33fbB/j3jR81u/O2LbqK+Bm1CDSNDKVtJ/YjwY7TUd5SkeLQLw=="
        },
        "human-format": {
            "version": "0.7.0",
            "resolved": "https://registry.npmjs.org/human-format/-/human-format-0.7.0.tgz",
            "integrity": "sha1-ubsQ9l4tfZn7OzlQpBi4vvWQpLY="
        },
        "lodash": {
            "version": "4.17.11",
            "resolved": "https://registry.npmjs.org/lodash/-/lodash-4.17.11.tgz",
            "integrity": "sha512-cQKh8igo5QUhZ7lg38DYWAxMvjSAKG0A8wGSVimP07SIUEK2UO+arSRKbRZWtelMtN5V0Hkwh5ryOto/SshYIg=="
        },
        "nan": {
            "version": "2.12.1",
            "resolved": "https://registry.npmjs.org/nan/-/nan-2.12.1.tgz",
            "integrity": "sha512-JY7V6lRkStKcKTvHO5NVSQRv+RV+FIL5pvDoLiAtSL9pKlC5x9PKQcZDsq7m4FO4d57mkhC6Z+QhAh3Jdk5JFw=="
        },
        "node-memwatch": {
            "version": "1.0.1",
            "resolved": "https://registry.npmjs.org/node-memwatch/-/node-memwatch-1.0.1.tgz",
            "integrity": "sha512-wr9NhxVN9Suan67oLgdekA6395lraIulUWYd4Zk62sEANxzJOhaz9ASMzM3esOmXaaBXYMwPbuR7BdpT+uR5XA==",
            "requires": {
                "bindings": "^1.2.1",
                "nan": "^2.3.2"
            }
        },
        "parse5": {
            "version": "5.1.0",
            "resolved": "https://registry.npmjs.org/parse5/-/parse5-5.1.0.tgz",
            "integrity": "sha512-fxNG2sQjHvlVAYmzBZS9YlDp6PTSSDwa98vkD4QgVDDCAo84z5X1t5XyJQ62ImdLXx5NdIIfihey6xpum9/gRQ=="
        },
        "pinkie": {
            "version": "2.0.4",
            "resolved": "https://registry.npmjs.org/pinkie/-/pinkie-2.0.4.tgz",
            "integrity": "sha1-clVrgM+g1IqXToDnckjoDtT3+HA="
        },
        "pinkie-promise": {
            "version": "2.0.1",
            "resolved": "https://registry.npmjs.org/pinkie-promise/-/pinkie-promise-2.0.1.tgz",
            "integrity": "sha1-ITXW36ejWMBprJsXh3YogihFD/o=",
            "requires": {
                "pinkie": "^2.0.0"
            }
        },
        "platform": {
            "version": "1.3.5",
            "resolved": "https://registry.npmjs.org/platform/-/platform-1.3.5.tgz",
            "integrity": "sha512-TuvHS8AOIZNAlE77WUDiR4rySV/VMptyMfcfeoMgs4P8apaZM3JrnbzBiixKUv+XR6i+BXrQh8WAnjaSPFO65Q=="
        },
        "promisify-event": {
            "version": "1.0.0",
            "resolved": "https://registry.npmjs.org/promisify-event/-/promisify-event-1.0.0.tgz",
            "integrity": "sha1-vXUj6ga3AWLzcJeQFrU6aGxg6Q8=",
            "requires": {
                "pinkie-promise": "^2.0.0"
            }
        }
    }
}
